<Solution>
  <Configurations>
    <Platform Name="Any CPU" />
    <Platform Name="x64" />
    <Platform Name="x86" />
  </Configurations>
  <Project Path="cautious-potato.Client/cautious-potato.Client.csproj" />
  <Project Path="cautious-potato.Core/cautious-potato.Core.csproj" />
  <Project Path="cautious-potato.Database/cautious-potato.Database.csproj" />
  <Project Path="cautious-potato/cautious-potato.csproj" />
</Solution>
